#MicroXplorer Configuration settings - do not modify
ADC.Channel-0\#ChannelRegularConversion=ADC_CHANNEL_4
ADC.Channel-1\#ChannelRegularConversion=ADC_CHANNEL_6
ADC.Channel-2\#ChannelRegularConversion=ADC_CHANNEL_7
ADC.ClockPrescaler=ADC_CLOCK_SYNC_PCLK_DIV4
ADC.ContinuousConvMode=DISABLE
ADC.DMAContinuousRequests=DISABLE
ADC.DataAlign=ADC_DATAALIGN_RIGHT
ADC.DiscontinuousConvMode=DISABLE
ADC.EOCSelection=ADC_EOC_SEQ_CONV
ADC.EnableAnalogWatchDog=false
ADC.ExternalTrigConv=ADC_SOFTWARE_START
ADC.ExternalTrigConvEdge=ADC_EXTERNALTRIGCONVEDGE_NONE
ADC.IPParameters=ClockPrescaler,Resolution,DataAlign,ScanConvMode,ContinuousConvMode,DiscontinuousConvMode,DMAContinuousRequests,EOCSelection,Overrun,LowPowerAutoWait,LowPowerFrequencyMode,LowPowerAutoPowerOff,OversamplingMode,SamplingTime,ExternalTrigConv,ExternalTrigConvEdge,EnableAnalogWatchDog,master,NbrOfConversion,NbrOfConversionFlag,Rank-0\#ChannelRegularConversion,Channel-0\#ChannelRegularConversion,Rank-1\#ChannelRegularConversion,Channel-1\#ChannelRegularConversion,Rank-2\#ChannelRegularConversion,Channel-2\#ChannelRegularConversion
ADC.LowPowerAutoPowerOff=DISABLE
ADC.LowPowerAutoWait=DISABLE
ADC.LowPowerFrequencyMode=ENABLE
ADC.NbrOfConversion=3
ADC.NbrOfConversionFlag=1
ADC.Overrun=ADC_OVR_DATA_OVERWRITTEN
ADC.OversamplingMode=DISABLE
ADC.Rank-0\#ChannelRegularConversion=1
ADC.Rank-1\#ChannelRegularConversion=2
ADC.Rank-2\#ChannelRegularConversion=3
ADC.Resolution=ADC_RESOLUTION_8B
ADC.SamplingTime=ADC_SAMPLETIME_160CYCLES_5
ADC.ScanConvMode=ADC_SCAN_DIRECTION_FORWARD
ADC.master=1
Dma.ADC.0.Direction=DMA_PERIPH_TO_MEMORY
Dma.ADC.0.Instance=DMA1_Channel1
Dma.ADC.0.MemDataAlignment=DMA_MDATAALIGN_BYTE
Dma.ADC.0.MemInc=DMA_MINC_ENABLE
Dma.ADC.0.Mode=DMA_CIRCULAR
Dma.ADC.0.PeriphDataAlignment=DMA_PDATAALIGN_BYTE
Dma.ADC.0.PeriphInc=DMA_PINC_DISABLE
Dma.ADC.0.Priority=DMA_PRIORITY_LOW
Dma.ADC.0.RequestParameters=Instance,Direction,PeriphInc,MemInc,PeriphDataAlignment,MemDataAlignment,Mode,Priority
Dma.Request0=ADC
Dma.RequestsNb=1
File.Version=6
GPIO.groupedBy=
I2C1.AddressingMode=I2C_ADDRESSINGMODE_7BIT
I2C1.Analog_Filter=I2C_ANALOGFILTER_ENABLE
I2C1.DualAddressMode=I2C_DUALADDRESS_DISABLE
I2C1.GeneralCallMode=I2C_GENERALCALL_DISABLE
I2C1.I2C_Coeff_DF=0
I2C1.I2C_Fall_Time=0
I2C1.I2C_Rise_Time=0
I2C1.I2C_Speed_Mode=I2C_Standard
I2C1.IPParameters=I2C_Speed_Mode,Speed,I2C_Rise_Time,I2C_Fall_Time,I2C_Coeff_DF,Analog_Filter,NoStretchMode,GeneralCallMode,AddressingMode,DualAddressMode,OwnAddress,Timing
I2C1.NoStretchMode=I2C_NOSTRETCH_DISABLE
I2C1.OwnAddress=0
I2C1.Speed=100
I2C1.Timing=0x2000090E
KeepUserPlacement=false
Mcu.CPN=STM32L011F3P6
Mcu.Family=STM32L0
Mcu.IP0=ADC
Mcu.IP1=DMA
Mcu.IP2=I2C1
Mcu.IP3=NVIC
Mcu.IP4=RCC
Mcu.IP5=SYS
Mcu.IP6=TIM2
Mcu.IP7=TIM21
Mcu.IPNb=8
Mcu.Name=STM32L011F(3-4)Px
Mcu.Package=TSSOP20
Mcu.Pin0=PA0-CK_IN
Mcu.Pin1=PA1
Mcu.Pin10=PA13
Mcu.Pin11=PA14
Mcu.Pin12=VP_SYS_VS_Systick
Mcu.Pin13=VP_TIM2_VS_ClockSourceINT
Mcu.Pin14=VP_TIM21_VS_ClockSourceINT
Mcu.Pin2=PA2
Mcu.Pin3=PA3
Mcu.Pin4=PA4
Mcu.Pin5=PA5
Mcu.Pin6=PA6
Mcu.Pin7=PA7
Mcu.Pin8=PA9
Mcu.Pin9=PA10
Mcu.PinsNb=15
Mcu.ThirdPartyNb=0
Mcu.UserConstants=
Mcu.UserName=STM32L011F3Px
MxCube.Version=6.6.1
MxDb.Version=DB.6.0.60
NVIC.DMA1_Channel1_IRQn=true\:0\:0\:false\:false\:true\:false\:true\:true
NVIC.ForceEnableDMAVector=true
NVIC.HardFault_IRQn=true\:0\:0\:false\:false\:true\:false\:false\:false
NVIC.I2C1_IRQn=true\:0\:0\:false\:false\:true\:true\:true\:true
NVIC.NonMaskableInt_IRQn=true\:0\:0\:false\:false\:true\:false\:false\:false
NVIC.PendSV_IRQn=true\:0\:0\:false\:false\:true\:false\:false\:false
NVIC.SVC_IRQn=true\:0\:0\:false\:false\:true\:false\:false\:true
NVIC.SysTick_IRQn=true\:3\:0\:false\:false\:true\:false\:true\:false
PA0-CK_IN.Mode=HSE-External-Clock-Source-for-TinyNemo
PA0-CK_IN.Signal=RCC_CK_IN
PA1.GPIOParameters=GPIO_ModeDefaultPP,GPIO_Label
PA1.GPIO_Label=SERVO1
PA1.GPIO_ModeDefaultPP=GPIO_MODE_AF_OD
PA1.Locked=true
PA1.Signal=S_TIM2_CH2
PA10.Locked=true
PA10.Mode=I2C
PA10.Signal=I2C1_SDA
PA13.Locked=true
PA13.Mode=Serial_Wire
PA13.Signal=SYS_SWDIO
PA14.Locked=true
PA14.Mode=Serial_Wire
PA14.Signal=SYS_SWCLK
PA2.Locked=true
PA2.Signal=USART2_TX
PA3.Locked=true
PA3.Signal=USART2_RX
PA4.GPIOParameters=GPIO_Label
PA4.GPIO_Label=POT1
PA4.Locked=true
PA4.Mode=IN4
PA4.Signal=ADC_IN4
PA5.GPIOParameters=GPIO_ModeDefaultPP,GPIO_Label
PA5.GPIO_Label=SERVO2
PA5.GPIO_ModeDefaultPP=GPIO_MODE_AF_OD
PA5.Locked=true
PA5.Signal=S_TIM2_CH1
PA6.GPIOParameters=GPIO_Label
PA6.GPIO_Label=POT2
PA6.Locked=true
PA6.Mode=IN6
PA6.Signal=ADC_IN6
PA7.GPIOParameters=GPIO_Label
PA7.GPIO_Label=POT3
PA7.Locked=true
PA7.Mode=IN7
PA7.Signal=ADC_IN7
PA9.Locked=true
PA9.Mode=I2C
PA9.Signal=I2C1_SCL
PinOutPanel.RotationAngle=0
ProjectManager.AskForMigrate=true
ProjectManager.BackupPrevious=false
ProjectManager.CompilerOptimize=6
ProjectManager.ComputerToolchain=false
ProjectManager.CoupleFile=true
ProjectManager.CustomerFirmwarePackage=
ProjectManager.DefaultFWLocation=true
ProjectManager.DeletePrevious=true
ProjectManager.DeviceId=STM32L011F3Px
ProjectManager.FirmwarePackage=STM32Cube FW_L0 V1.12.1
ProjectManager.FreePins=false
ProjectManager.HalAssertFull=false
ProjectManager.HeapSize=0x200
ProjectManager.KeepUserCode=true
ProjectManager.LastFirmware=true
ProjectManager.LibraryCopy=0
ProjectManager.MainLocation=Core/Src
ProjectManager.NoMain=false
ProjectManager.PreviousToolchain=
ProjectManager.ProjectBuild=false
ProjectManager.ProjectFileName=launch_platform_f3.ioc
ProjectManager.ProjectName=launch_platform_f3
ProjectManager.RegisterCallBack=
ProjectManager.StackSize=0x400
ProjectManager.TargetToolchain=Makefile
ProjectManager.ToolChainLocation=
ProjectManager.UnderRoot=false
ProjectManager.functionlistsort=1-SystemClock_Config-RCC-false-HAL-false,2-MX_GPIO_Init-GPIO-false-HAL-true,3-MX_DMA_Init-DMA-false-HAL-true,4-MX_TIM2_Init-TIM2-false-HAL-true,5-MX_ADC_Init-ADC-false-HAL-true,6-MX_I2C1_Init-I2C1-false-HAL-true,7-MX_TIM21_Init-TIM21-false-HAL-true
RCC.AHBCLKDivider=RCC_SYSCLK_DIV2
RCC.AHBFreq_Value=8000000
RCC.APB1Freq_Value=8000000
RCC.APB1TimFreq_Value=8000000
RCC.APB2Freq_Value=8000000
RCC.APB2TimFreq_Value=8000000
RCC.FCLKCortexFreq_Value=8000000
RCC.FamilyName=M
RCC.HCLKFreq_Value=8000000
RCC.HSE_VALUE=8000000
RCC.HSI16_VALUE=16000000
RCC.HSI_VALUE=16000000
RCC.I2C1Freq_Value=8000000
RCC.IPParameters=AHBCLKDivider,AHBFreq_Value,APB1Freq_Value,APB1TimFreq_Value,APB2Freq_Value,APB2TimFreq_Value,FCLKCortexFreq_Value,FamilyName,HCLKFreq_Value,HSE_VALUE,HSI16_VALUE,HSI_VALUE,I2C1Freq_Value,LPTIMFreq_Value,LPUARTFreq_Value,LSE_VALUE,LSI_VALUE,MCOPinFreq_Value,MSI_VALUE,PLLCLKFreq_Value,PWRFreq_Value,RTCFreq_Value,RTCHSEDivFreq_Value,SYSCLKFreq_VALUE,SYSCLKSource,TIMFreq_Value,TimerFreq_Value,USART2Freq_Value,VCOOutputFreq_Value,WatchDogFreq_Value
RCC.LPTIMFreq_Value=8000000
RCC.LPUARTFreq_Value=8000000
RCC.LSE_VALUE=32768
RCC.LSI_VALUE=37000
RCC.MCOPinFreq_Value=16000000
RCC.MSI_VALUE=2097000
RCC.PLLCLKFreq_Value=24000000
RCC.PWRFreq_Value=16000000
RCC.RTCFreq_Value=37000
RCC.RTCHSEDivFreq_Value=4000000
RCC.SYSCLKFreq_VALUE=16000000
RCC.SYSCLKSource=RCC_SYSCLKSOURCE_HSI
RCC.TIMFreq_Value=8000000
RCC.TimerFreq_Value=8000000
RCC.USART2Freq_Value=8000000
RCC.VCOOutputFreq_Value=48000000
RCC.WatchDogFreq_Value=37000
SH.S_TIM2_CH1.0=TIM2_CH1,PWM Generation1 CH1
SH.S_TIM2_CH1.ConfNb=1
SH.S_TIM2_CH2.0=TIM2_CH2,PWM Generation2 CH2
SH.S_TIM2_CH2.ConfNb=1
TIM2.AutoReloadPreload=TIM_AUTORELOAD_PRELOAD_DISABLE
TIM2.Channel-PWM\ Generation1\ CH1=TIM_CHANNEL_1
TIM2.Channel-PWM\ Generation2\ CH2=TIM_CHANNEL_2
TIM2.ClockDivision=TIM_CLOCKDIVISION_DIV1
TIM2.CounterMode=TIM_COUNTERMODE_UP
TIM2.IPParameters=Prescaler,CounterMode,Period,ClockDivision,AutoReloadPreload,TIM_MasterSlaveMode,TIM_MasterOutputTrigger,OCMode_PWM-PWM Generation1 CH1,Pulse-PWM Generation1 CH1,OC1Preload_PWM,OCFastMode_PWM-PWM Generation1 CH1,OCPolarity_1,OCMode_PWM-PWM Generation2 CH2,Pulse-PWM Generation2 CH2,OC2Preload_PWM,OCFastMode_PWM-PWM Generation2 CH2,OCPolarity_2,Channel-PWM Generation1 CH1,Channel-PWM Generation2 CH2
TIM2.OC1Preload_PWM=ENABLE
TIM2.OC2Preload_PWM=ENABLE
TIM2.OCFastMode_PWM-PWM\ Generation1\ CH1=TIM_OCFAST_DISABLE
TIM2.OCFastMode_PWM-PWM\ Generation2\ CH2=TIM_OCFAST_DISABLE
TIM2.OCMode_PWM-PWM\ Generation1\ CH1=TIM_OCMODE_PWM1
TIM2.OCMode_PWM-PWM\ Generation2\ CH2=TIM_OCMODE_PWM1
TIM2.OCPolarity_1=TIM_OCPOLARITY_HIGH
TIM2.OCPolarity_2=TIM_OCPOLARITY_HIGH
TIM2.Period=65535
TIM2.Prescaler=0
TIM2.Pulse-PWM\ Generation1\ CH1=0
TIM2.Pulse-PWM\ Generation2\ CH2=0
TIM2.TIM_MasterOutputTrigger=TIM_TRGO_RESET
TIM2.TIM_MasterSlaveMode=TIM_MASTERSLAVEMODE_DISABLE
TIM21.AutoReloadPreload=TIM_AUTORELOAD_PRELOAD_DISABLE
TIM21.ClockDivision=TIM_CLOCKDIVISION_DIV1
TIM21.CounterMode=TIM_COUNTERMODE_UP
TIM21.IPParameters=Prescaler,CounterMode,Period,ClockDivision,AutoReloadPreload,TIM_MasterSlaveMode,TIM_MasterOutputTrigger
TIM21.Period=65535
TIM21.Prescaler=0
TIM21.TIM_MasterOutputTrigger=TIM_TRGO_RESET
TIM21.TIM_MasterSlaveMode=TIM_MASTERSLAVEMODE_DISABLE
VP_SYS_VS_Systick.Mode=SysTick
VP_SYS_VS_Systick.Signal=SYS_VS_Systick
VP_TIM21_VS_ClockSourceINT.Mode=Internal
VP_TIM21_VS_ClockSourceINT.Signal=TIM21_VS_ClockSourceINT
VP_TIM2_VS_ClockSourceINT.Mode=Internal
VP_TIM2_VS_ClockSourceINT.Signal=TIM2_VS_ClockSourceINT
board=custom
